<?xml version="1.0" encoding="utf-8"?>
<Project ToolsVersion="4.0" xmlns="http://schemas.microsoft.com/developer/msbuild/2003">
  <ItemGroup>
    <Filter Include="Source Files">
      <UniqueIdentifier>{4FC737F1-C7A5-4376-A066-2A32D752A2FF}</UniqueIdentifier>
      <Extensions>cpp;c;cc;cxx;c++;cppm;ixx;def;odl;idl;hpj;bat;asm;asmx</Extensions>
    </Filter>
    <Filter Include="Source Files\NetworkImpl">
      <UniqueIdentifier>{b521273e-1916-4cf1-8937-7ed53096f93e}</UniqueIdentifier>
    </Filter>
    <Filter Include="Source Files\Protobuf">
      <UniqueIdentifier>{ae3cd922-f0a9-4042-89c3-6ac111cc64f7}</UniqueIdentifier>
    </Filter>
    <Filter Include="Source Files\Protobuf\protofiles">
      <UniqueIdentifier>{4f394a30-f2cb-422c-b1c3-cca914e9bd87}</UniqueIdentifier>
    </Filter>
    <Filter Include="Source Files\Packet">
      <UniqueIdentifier>{b931e1a6-08c1-472d-8661-927291bb8d46}</UniqueIdentifier>
    </Filter>
    <Filter Include="Source Files\Packet\Interface">
      <UniqueIdentifier>{3f9cbbc6-5f93-448f-bf3f-7167da5ad38c}</UniqueIdentifier>
    </Filter>
    <Filter Include="Source Files\Input">
      <UniqueIdentifier>{589f849f-83b9-419c-a343-2d38b73c215f}</UniqueIdentifier>
    </Filter>
    <Filter Include="Source Files\Packet\Common">
      <UniqueIdentifier>{7f002292-a143-4398-be5a-e2de3459c304}</UniqueIdentifier>
    </Filter>
    <Filter Include="Source Files\Packet\PacketHandler">
      <UniqueIdentifier>{37a85531-4558-4571-a684-c331ac4bfedf}</UniqueIdentifier>
    </Filter>
  </ItemGroup>
  <ItemGroup>
    <ClCompile Include="main.cpp">
      <Filter>Source Files</Filter>
    </ClCompile>
    <ClCompile Include="pch.cpp">
      <Filter>Source Files</Filter>
    </ClCompile>
    <ClCompile Include="ServerSession.cpp">
      <Filter>Source Files\NetworkImpl</Filter>
    </ClCompile>
    <ClCompile Include="SocketClient.cpp">
      <Filter>Source Files\NetworkImpl</Filter>
    </ClCompile>
    <ClCompile Include="GlobalVar.cpp">
      <Filter>Source Files</Filter>
    </ClCompile>
    <ClCompile Include="InputHandler.cpp">
      <Filter>Source Files\Input</Filter>
    </ClCompile>
    <ClCompile Include="IPacketHandler.cpp">
      <Filter>Source Files\Packet\Interface</Filter>
    </ClCompile>
    <ClCompile Include="LoginResponse.cpp">
      <Filter>Source Files\Packet\PacketHandler</Filter>
    </ClCompile>
    <ClCompile Include="PacketManager.cpp">
      <Filter>Source Files\Packet\Common</Filter>
    </ClCompile>
    <ClCompile Include="PacketId.cpp">
      <Filter>Source Files\Packet\Common</Filter>
    </ClCompile>
  </ItemGroup>
  <ItemGroup>
    <ClInclude Include="pch.h">
      <Filter>Source Files</Filter>
    </ClInclude>
    <ClInclude Include="SocketClient.h">
      <Filter>Source Files\NetworkImpl</Filter>
    </ClInclude>
    <ClInclude Include="ServerSession.h">
      <Filter>Source Files\NetworkImpl</Filter>
    </ClInclude>
    <ClInclude Include="GlobalVar.h">
      <Filter>Source Files</Filter>
    </ClInclude>
    <ClInclude Include="InputHandler.h">
      <Filter>Source Files\Input</Filter>
    </ClInclude>
    <ClInclude Include="IPacketHandler.h">
      <Filter>Source Files\Packet\Interface</Filter>
    </ClInclude>
    <ClInclude Include="LoginResponse.h">
      <Filter>Source Files\Packet\PacketHandler</Filter>
    </ClInclude>
    <ClInclude Include="PacketManager.h">
      <Filter>Source Files\Packet\Common</Filter>
    </ClInclude>
    <ClInclude Include="PacketId.h">
      <Filter>Source Files\Packet\Common</Filter>
    </ClInclude>
  </ItemGroup>
</Project>