<?xml version="1.0" encoding="utf-8"?>
<Project ToolsVersion="4.0" xmlns="http://schemas.microsoft.com/developer/msbuild/2003">
  <ItemGroup>
    <Filter Include="Source Files">
      <UniqueIdentifier>{4FC737F1-C7A5-4376-A066-2A32D752A2FF}</UniqueIdentifier>
      <Extensions>cpp;c;cc;cxx;c++;cppm;ixx;def;odl;idl;hpj;bat;asm;asmx</Extensions>
    </Filter>
    <Filter Include="Source Files\Network">
      <UniqueIdentifier>{3a34761a-300c-49c0-a877-7424548fd476}</UniqueIdentifier>
    </Filter>
    <Filter Include="Source Files\Global">
      <UniqueIdentifier>{0da4b90a-a153-47ad-bdf8-8b8d48d28b5b}</UniqueIdentifier>
    </Filter>
    <Filter Include="Source Files\UtilClass">
      <UniqueIdentifier>{4225f551-fdc4-414f-baf0-13c0eb526a2d}</UniqueIdentifier>
    </Filter>
  </ItemGroup>
  <ItemGroup>
    <ClCompile Include="ServerCoreLibrary.cpp">
      <Filter>Source Files</Filter>
    </ClCompile>
    <ClCompile Include="SharedMutexGuard.cpp">
      <Filter>Source Files\UtilClass</Filter>
    </ClCompile>
    <ClCompile Include="GlobalPch.cpp">
      <Filter>Source Files\Global</Filter>
    </ClCompile>
    <ClCompile Include="pch.cpp">
      <Filter>Source Files</Filter>
    </ClCompile>
    <ClCompile Include="Session.cpp">
      <Filter>Source Files\Network</Filter>
    </ClCompile>
    <ClCompile Include="BaseSocketServer.cpp">
      <Filter>Source Files\Network</Filter>
    </ClCompile>
    <ClCompile Include="IocpCore.cpp">
      <Filter>Source Files\Network</Filter>
    </ClCompile>
    <ClCompile Include="IocpEvent.cpp">
      <Filter>Source Files\Network</Filter>
    </ClCompile>
    <ClCompile Include="NetAddress.cpp">
      <Filter>Source Files\Network</Filter>
    </ClCompile>
    <ClCompile Include="RecvBuffer.cpp">
      <Filter>Source Files\Network</Filter>
    </ClCompile>
    <ClCompile Include="SendBuffer.cpp">
      <Filter>Source Files\Network</Filter>
    </ClCompile>
    <ClCompile Include="SocketUtils.cpp">
      <Filter>Source Files\Network</Filter>
    </ClCompile>
  </ItemGroup>
  <ItemGroup>
    <ClInclude Include="GlobalMacro.h">
      <Filter>Source Files\Global</Filter>
    </ClInclude>
    <ClInclude Include="GlobalTypes.h">
      <Filter>Source Files\Global</Filter>
    </ClInclude>
    <ClInclude Include="SharedMutexGuard.h">
      <Filter>Source Files\UtilClass</Filter>
    </ClInclude>
    <ClInclude Include="GlobalPch.h">
      <Filter>Source Files\Global</Filter>
    </ClInclude>
    <ClInclude Include="pch.h">
      <Filter>Source Files</Filter>
    </ClInclude>
    <ClInclude Include="Session.h">
      <Filter>Source Files\Network</Filter>
    </ClInclude>
    <ClInclude Include="BaseSocketServer.h">
      <Filter>Source Files\Network</Filter>
    </ClInclude>
    <ClInclude Include="IocpCore.h">
      <Filter>Source Files\Network</Filter>
    </ClInclude>
    <ClInclude Include="IocpEvent.h">
      <Filter>Source Files\Network</Filter>
    </ClInclude>
    <ClInclude Include="NetAddress.h">
      <Filter>Source Files\Network</Filter>
    </ClInclude>
    <ClInclude Include="RecvBuffer.h">
      <Filter>Source Files\Network</Filter>
    </ClInclude>
    <ClInclude Include="SendBuffer.h">
      <Filter>Source Files\Network</Filter>
    </ClInclude>
    <ClInclude Include="SocketUtils.h">
      <Filter>Source Files\Network</Filter>
    </ClInclude>
  </ItemGroup>
</Project>