<?xml version="1.0" encoding="utf-8"?>
<Project ToolsVersion="4.0" xmlns="http://schemas.microsoft.com/developer/msbuild/2003">
  <ItemGroup>
    <Filter Include="Source Files">
      <UniqueIdentifier>{4FC737F1-C7A5-4376-A066-2A32D752A2FF}</UniqueIdentifier>
      <Extensions>cpp;c;cc;cxx;c++;cppm;ixx;def;odl;idl;hpj;bat;asm;asmx</Extensions>
    </Filter>
    <Filter Include="Source Files\NetworkImpl">
      <UniqueIdentifier>{50eb5868-56e7-4a97-8540-db2092140efc}</UniqueIdentifier>
    </Filter>
    <Filter Include="Source Files\Protobuf">
      <UniqueIdentifier>{05321e6f-c62e-4ac8-9e30-c648f41f3224}</UniqueIdentifier>
    </Filter>
    <Filter Include="Source Files\Protobuf\protofiles">
      <UniqueIdentifier>{56f30bde-66c6-4b5a-813e-1dcadfc1a2b0}</UniqueIdentifier>
    </Filter>
    <Filter Include="Source Files\NetworkImpl\PacketHandler">
      <UniqueIdentifier>{a5d79e22-71bf-457b-8413-4414e6ee9a60}</UniqueIdentifier>
    </Filter>
    <Filter Include="Source Files\NetworkImpl\PacketHandler\Auth">
      <UniqueIdentifier>{4a8487e6-bb9d-40cd-855f-0b3955c9967a}</UniqueIdentifier>
    </Filter>
    <Filter Include="Source Files\NetworkImpl\PacketHandler\Interface">
      <UniqueIdentifier>{1d8e92e8-6427-4247-88a5-c066a5e76b0c}</UniqueIdentifier>
    </Filter>
    <Filter Include="Source Files\Utils">
      <UniqueIdentifier>{028feb9f-edd0-4016-b652-dbee5c5321ef}</UniqueIdentifier>
    </Filter>
    <Filter Include="Source Files\NetworkImpl\PacketHandler\Common">
      <UniqueIdentifier>{1f1201b5-989d-4815-9af3-8ebbebc1a78e}</UniqueIdentifier>
    </Filter>
    <Filter Include="Source Files\DB">
      <UniqueIdentifier>{7b6e4c26-1fce-4ba8-9f0e-f66fdd827bee}</UniqueIdentifier>
    </Filter>
    <Filter Include="Source Files\DB\Model">
      <UniqueIdentifier>{83d02aad-49f9-4448-9c95-2f3e82292e74}</UniqueIdentifier>
    </Filter>
    <Filter Include="Source Files\DB\Connection">
      <UniqueIdentifier>{48da7653-5c7e-4357-9502-25713867d641}</UniqueIdentifier>
    </Filter>
  </ItemGroup>
  <ItemGroup>
    <ClCompile Include="main.cpp">
      <Filter>Source Files</Filter>
    </ClCompile>
    <ClCompile Include="pch.cpp">
      <Filter>Source Files</Filter>
    </ClCompile>
    <ClCompile Include="SocketServer.cpp">
      <Filter>Source Files\NetworkImpl</Filter>
    </ClCompile>
    <ClCompile Include="ClientSession.cpp">
      <Filter>Source Files\NetworkImpl</Filter>
    </ClCompile>
    <ClCompile Include="protobuf\EquipItem.pb.cc">
      <Filter>Source Files\Protobuf</Filter>
    </ClCompile>
    <ClCompile Include="protobuf\Player.pb.cc">
      <Filter>Source Files\Protobuf</Filter>
    </ClCompile>
    <ClCompile Include="protobuf\SearchRequest.pb.cc">
      <Filter>Source Files\Protobuf</Filter>
    </ClCompile>
    <ClCompile Include="PacketManager.cpp">
      <Filter>Source Files\NetworkImpl</Filter>
    </ClCompile>
    <ClCompile Include="LoginHandler.cpp">
      <Filter>Source Files\NetworkImpl\PacketHandler\Auth</Filter>
    </ClCompile>
    <ClCompile Include="IPacketHandler.cpp">
      <Filter>Source Files\NetworkImpl\PacketHandler\Interface</Filter>
    </ClCompile>
    <ClCompile Include="GlobalVar.cpp">
      <Filter>Source Files</Filter>
    </ClCompile>
    <ClCompile Include="PacketId.cpp">
      <Filter>Source Files\NetworkImpl\PacketHandler\Common</Filter>
    </ClCompile>
    <ClCompile Include="Player.cpp">
      <Filter>Source Files\DB</Filter>
    </ClCompile>
    <ClCompile Include="Collection.cpp">
      <Filter>Source Files\DB</Filter>
    </ClCompile>
    <ClCompile Include="IDatabaseData.cpp">
      <Filter>Source Files\DB</Filter>
    </ClCompile>
    <ClCompile Include="EquipItem.cpp">
      <Filter>Source Files\DB\Model</Filter>
    </ClCompile>
    <ClCompile Include="DBConnection.cpp">
      <Filter>Source Files\DB\Connection</Filter>
    </ClCompile>
    <ClCompile Include="DBConnectionPool.cpp">
      <Filter>Source Files\DB\Connection</Filter>
    </ClCompile>
  </ItemGroup>
  <ItemGroup>
    <ClInclude Include="pch.h">
      <Filter>Source Files</Filter>
    </ClInclude>
    <ClInclude Include="SocketServer.h">
      <Filter>Source Files\NetworkImpl</Filter>
    </ClInclude>
    <ClInclude Include="ClientSession.h">
      <Filter>Source Files\NetworkImpl</Filter>
    </ClInclude>
    <ClInclude Include="protobuf\EquipItem.pb.h">
      <Filter>Source Files\Protobuf</Filter>
    </ClInclude>
    <ClInclude Include="protobuf\Player.pb.h">
      <Filter>Source Files\Protobuf</Filter>
    </ClInclude>
    <ClInclude Include="protobuf\SearchRequest.pb.h">
      <Filter>Source Files\Protobuf</Filter>
    </ClInclude>
    <ClInclude Include="PacketManager.h">
      <Filter>Source Files\NetworkImpl</Filter>
    </ClInclude>
    <ClInclude Include="LoginHandler.h">
      <Filter>Source Files\NetworkImpl\PacketHandler\Auth</Filter>
    </ClInclude>
    <ClInclude Include="IPacketHandler.h">
      <Filter>Source Files\NetworkImpl\PacketHandler\Interface</Filter>
    </ClInclude>
    <ClInclude Include="GlobalVar.h">
      <Filter>Source Files</Filter>
    </ClInclude>
    <ClInclude Include="PacketId.h">
      <Filter>Source Files\NetworkImpl\PacketHandler\Common</Filter>
    </ClInclude>
    <ClInclude Include="Player.h">
      <Filter>Source Files\DB</Filter>
    </ClInclude>
    <ClInclude Include="Collection.h">
      <Filter>Source Files\DB</Filter>
    </ClInclude>
    <ClInclude Include="IDatabaseData.h">
      <Filter>Source Files\DB</Filter>
    </ClInclude>
    <ClInclude Include="EquipItem.h">
      <Filter>Source Files\DB\Model</Filter>
    </ClInclude>
    <ClInclude Include="DBConnection.h">
      <Filter>Source Files\DB\Connection</Filter>
    </ClInclude>
    <ClInclude Include="DBConnectionPool.h">
      <Filter>Source Files\DB\Connection</Filter>
    </ClInclude>
  </ItemGroup>
  <ItemGroup>
    <None Include="protobuf\proto_files\SearchRequest.proto">
      <Filter>Source Files\Protobuf\protofiles</Filter>
    </None>
    <None Include="protobuf\proto_files\EquipItem.proto">
      <Filter>Source Files\Protobuf\protofiles</Filter>
    </None>
    <None Include="protobuf\proto_files\Player.proto">
      <Filter>Source Files\Protobuf\protofiles</Filter>
    </None>
  </ItemGroup>
</Project>